// !$*UTF8*$!
{
	archiveVersion = 1;
	classes = {
	};
	objectVersion = 56;
	objects = {

/* Begin PBXBuildFile section */
		EE0C21882AE861D700668357 /* GuideBookApp.swift in Sources */ = {isa = PBXBuildFile; fileRef = EE0C21872AE861D700668357 /* GuideBookApp.swift */; };
		EE2809542AF84F3400093049 /* Header.swift in Sources */ = {isa = PBXBuildFile; fileRef = EE2809532AF84F3400093049 /* Header.swift */; };
		EE2809562AF852E600093049 /* AuthType.swift in Sources */ = {isa = PBXBuildFile; fileRef = EE2809552AF852E600093049 /* AuthType.swift */; };
		EE2809582AF8534100093049 /* AuthTitle.swift in Sources */ = {isa = PBXBuildFile; fileRef = EE2809572AF8534100093049 /* AuthTitle.swift */; };
		EE28095A2AF856A600093049 /* AuthToggleButton.swift in Sources */ = {isa = PBXBuildFile; fileRef = EE2809592AF856A600093049 /* AuthToggleButton.swift */; };
		EE5AE1A72AF9407E00381B33 /* ErrorResponse.swift in Sources */ = {isa = PBXBuildFile; fileRef = EE5AE1A62AF9407E00381B33 /* ErrorResponse.swift */; };
		EE6127F12AF50FB200DA608F /* steps3.png in Resources */ = {isa = PBXBuildFile; fileRef = EE6127EC2AF50FB200DA608F /* steps3.png */; };
		EE6127F22AF50FB200DA608F /* steps.png in Resources */ = {isa = PBXBuildFile; fileRef = EE6127ED2AF50FB200DA608F /* steps.png */; };
		EE6127F32AF50FB200DA608F /* steps2.png in Resources */ = {isa = PBXBuildFile; fileRef = EE6127EE2AF50FB200DA608F /* steps2.png */; };
		EE6127F42AF50FB200DA608F /* steps4.png in Resources */ = {isa = PBXBuildFile; fileRef = EE6127EF2AF50FB200DA608F /* steps4.png */; };
		EE6127F52AF50FB200DA608F /* steps5.png in Resources */ = {isa = PBXBuildFile; fileRef = EE6127F02AF50FB200DA608F /* steps5.png */; };
		EE7A34432AF530A700685408 /* CachedAsyncImage in Frameworks */ = {isa = PBXBuildFile; productRef = EE7A34422AF530A700685408 /* CachedAsyncImage */; };
		EE7B13AB2AF500C800A45F1B /* favorites.png in Resources */ = {isa = PBXBuildFile; fileRef = EE7B13A02AF500C700A45F1B /* favorites.png */; };
		EE7B13AC2AF500C800A45F1B /* signup.png in Resources */ = {isa = PBXBuildFile; fileRef = EE7B13A12AF500C700A45F1B /* signup.png */; };
		EE7B13AD2AF500C800A45F1B /* signin.png in Resources */ = {isa = PBXBuildFile; fileRef = EE7B13A22AF500C800A45F1B /* signin.png */; };
		EE7B13B02AF500C800A45F1B /* details.png in Resources */ = {isa = PBXBuildFile; fileRef = EE7B13A52AF500C800A45F1B /* details.png */; };
		EE7B13B22AF500C800A45F1B /* settings.png in Resources */ = {isa = PBXBuildFile; fileRef = EE7B13A72AF500C800A45F1B /* settings.png */; };
		EE7B13B32AF500C800A45F1B /* home.png in Resources */ = {isa = PBXBuildFile; fileRef = EE7B13A82AF500C800A45F1B /* home.png */; };
		EEEB8D1C2AF8D40F007DEBAE /* AuthButton.swift in Sources */ = {isa = PBXBuildFile; fileRef = EEEB8D1B2AF8D40F007DEBAE /* AuthButton.swift */; };
		EEEB8D1E2AF8D895007DEBAE /* AuthResponse.swift in Sources */ = {isa = PBXBuildFile; fileRef = EEEB8D1D2AF8D895007DEBAE /* AuthResponse.swift */; };
		EEEB8D222AF8E5AD007DEBAE /* FailResponse.swift in Sources */ = {isa = PBXBuildFile; fileRef = EEEB8D212AF8E5AD007DEBAE /* FailResponse.swift */; };
		EEEB8D272AF8EAEA007DEBAE /* SignIn.swift in Sources */ = {isa = PBXBuildFile; fileRef = EEEB8D262AF8EAEA007DEBAE /* SignIn.swift */; };
		EEEB8D292AF8EAFC007DEBAE /* SignUp.swift in Sources */ = {isa = PBXBuildFile; fileRef = EEEB8D282AF8EAFC007DEBAE /* SignUp.swift */; };
		EEEB8D2C2AF920B6007DEBAE /* Alamofire in Frameworks */ = {isa = PBXBuildFile; productRef = EEEB8D2B2AF920B6007DEBAE /* Alamofire */; };
		EEF2F1822AF7CE61009F4677 /* ComposableArchitecture in Frameworks */ = {isa = PBXBuildFile; productRef = EEF2F1812AF7CE61009F4677 /* ComposableArchitecture */; };
		EEF2F1842AF7CE9B009F4677 /* RootView.swift in Sources */ = {isa = PBXBuildFile; fileRef = EEF2F1832AF7CE9B009F4677 /* RootView.swift */; };
		EEF2F1862AF7CECF009F4677 /* RootFeature.swift in Sources */ = {isa = PBXBuildFile; fileRef = EEF2F1852AF7CECF009F4677 /* RootFeature.swift */; };
		EEF2F18A2AF7D1BE009F4677 /* AuthFeature.swift in Sources */ = {isa = PBXBuildFile; fileRef = EEF2F1892AF7D1BE009F4677 /* AuthFeature.swift */; };
		EEF2F1902AF822DF009F4677 /* AuthView.swift in Sources */ = {isa = PBXBuildFile; fileRef = EEF2F18F2AF822DF009F4677 /* AuthView.swift */; };
		EEF2F1942AF823F0009F4677 /* InvalidBorderStyle.swift in Sources */ = {isa = PBXBuildFile; fileRef = EEF2F1932AF823F0009F4677 /* InvalidBorderStyle.swift */; };
		EEF2F1972AF8240E009F4677 /* InputField.swift in Sources */ = {isa = PBXBuildFile; fileRef = EEF2F1962AF8240E009F4677 /* InputField.swift */; };
		EEF2F1992AF82415009F4677 /* PasswordField.swift in Sources */ = {isa = PBXBuildFile; fileRef = EEF2F1982AF82415009F4677 /* PasswordField.swift */; };
		EEF2F19B2AF82710009F4677 /* Extensions.swift in Sources */ = {isa = PBXBuildFile; fileRef = EEF2F19A2AF82710009F4677 /* Extensions.swift */; };
		EEF2F19D2AF8271F009F4677 /* KeyboardType.swift in Sources */ = {isa = PBXBuildFile; fileRef = EEF2F19C2AF8271F009F4677 /* KeyboardType.swift */; };
		EEF2F1A12AF82BBA009F4677 /* Preview Assets.xcassets in Resources */ = {isa = PBXBuildFile; fileRef = EEF2F19F2AF82BBA009F4677 /* Preview Assets.xcassets */; };
		EEF2F1A22AF82BBA009F4677 /* Assets.xcassets in Resources */ = {isa = PBXBuildFile; fileRef = EEF2F1A02AF82BBA009F4677 /* Assets.xcassets */; };
		EEF2F1A42AF82EC9009F4677 /* InputFieldStyle.swift in Sources */ = {isa = PBXBuildFile; fileRef = EEF2F1A32AF82EC9009F4677 /* InputFieldStyle.swift */; };
		EEFFBA052AF98F8100238FA0 /* BindingHelper.swift in Sources */ = {isa = PBXBuildFile; fileRef = EEFFBA042AF98F8100238FA0 /* BindingHelper.swift */; };
		EEFFBA082AF99F3F00238FA0 /* RequestError.swift in Sources */ = {isa = PBXBuildFile; fileRef = EEFFBA072AF99F3F00238FA0 /* RequestError.swift */; };
		EEFFBA0A2AF9A34600238FA0 /* ErrorText.swift in Sources */ = {isa = PBXBuildFile; fileRef = EEFFBA092AF9A34600238FA0 /* ErrorText.swift */; };
		EEFFBA0C2AF9A7F100238FA0 /* ErrorField.swift in Sources */ = {isa = PBXBuildFile; fileRef = EEFFBA0B2AF9A7F100238FA0 /* ErrorField.swift */; };
/* End PBXBuildFile section */

/* Begin PBXFileReference section */
		EE0C21842AE861D700668357 /* GuideBook.app */ = {isa = PBXFileReference; explicitFileType = wrapper.application; includeInIndex = 0; path = GuideBook.app; sourceTree = BUILT_PRODUCTS_DIR; };
		EE0C21872AE861D700668357 /* GuideBookApp.swift */ = {isa = PBXFileReference; lastKnownFileType = sourcecode.swift; path = GuideBookApp.swift; sourceTree = "<group>"; };
		EE2809532AF84F3400093049 /* Header.swift */ = {isa = PBXFileReference; lastKnownFileType = sourcecode.swift; path = Header.swift; sourceTree = "<group>"; };
		EE2809552AF852E600093049 /* AuthType.swift */ = {isa = PBXFileReference; lastKnownFileType = sourcecode.swift; path = AuthType.swift; sourceTree = "<group>"; };
		EE2809572AF8534100093049 /* AuthTitle.swift */ = {isa = PBXFileReference; lastKnownFileType = sourcecode.swift; path = AuthTitle.swift; sourceTree = "<group>"; };
		EE2809592AF856A600093049 /* AuthToggleButton.swift */ = {isa = PBXFileReference; lastKnownFileType = sourcecode.swift; path = AuthToggleButton.swift; sourceTree = "<group>"; };
		EE5AE1A62AF9407E00381B33 /* ErrorResponse.swift */ = {isa = PBXFileReference; lastKnownFileType = sourcecode.swift; path = ErrorResponse.swift; sourceTree = "<group>"; };
		EE6127EC2AF50FB200DA608F /* steps3.png */ = {isa = PBXFileReference; lastKnownFileType = image.png; path = steps3.png; sourceTree = "<group>"; };
		EE6127ED2AF50FB200DA608F /* steps.png */ = {isa = PBXFileReference; lastKnownFileType = image.png; path = steps.png; sourceTree = "<group>"; };
		EE6127EE2AF50FB200DA608F /* steps2.png */ = {isa = PBXFileReference; lastKnownFileType = image.png; path = steps2.png; sourceTree = "<group>"; };
		EE6127EF2AF50FB200DA608F /* steps4.png */ = {isa = PBXFileReference; lastKnownFileType = image.png; path = steps4.png; sourceTree = "<group>"; };
		EE6127F02AF50FB200DA608F /* steps5.png */ = {isa = PBXFileReference; lastKnownFileType = image.png; path = steps5.png; sourceTree = "<group>"; };
		EE7B13A02AF500C700A45F1B /* favorites.png */ = {isa = PBXFileReference; lastKnownFileType = image.png; path = favorites.png; sourceTree = "<group>"; };
		EE7B13A12AF500C700A45F1B /* signup.png */ = {isa = PBXFileReference; lastKnownFileType = image.png; path = signup.png; sourceTree = "<group>"; };
		EE7B13A22AF500C800A45F1B /* signin.png */ = {isa = PBXFileReference; lastKnownFileType = image.png; path = signin.png; sourceTree = "<group>"; };
		EE7B13A52AF500C800A45F1B /* details.png */ = {isa = PBXFileReference; lastKnownFileType = image.png; path = details.png; sourceTree = "<group>"; };
		EE7B13A72AF500C800A45F1B /* settings.png */ = {isa = PBXFileReference; lastKnownFileType = image.png; path = settings.png; sourceTree = "<group>"; };
		EE7B13A82AF500C800A45F1B /* home.png */ = {isa = PBXFileReference; lastKnownFileType = image.png; path = home.png; sourceTree = "<group>"; };
		EEEB8D1B2AF8D40F007DEBAE /* AuthButton.swift */ = {isa = PBXFileReference; lastKnownFileType = sourcecode.swift; path = AuthButton.swift; sourceTree = "<group>"; };
		EEEB8D1D2AF8D895007DEBAE /* AuthResponse.swift */ = {isa = PBXFileReference; lastKnownFileType = sourcecode.swift; path = AuthResponse.swift; sourceTree = "<group>"; };
		EEEB8D212AF8E5AD007DEBAE /* FailResponse.swift */ = {isa = PBXFileReference; lastKnownFileType = sourcecode.swift; path = FailResponse.swift; sourceTree = "<group>"; };
		EEEB8D262AF8EAEA007DEBAE /* SignIn.swift */ = {isa = PBXFileReference; lastKnownFileType = sourcecode.swift; path = SignIn.swift; sourceTree = "<group>"; };
		EEEB8D282AF8EAFC007DEBAE /* SignUp.swift */ = {isa = PBXFileReference; lastKnownFileType = sourcecode.swift; path = SignUp.swift; sourceTree = "<group>"; };
		EEF2F1832AF7CE9B009F4677 /* RootView.swift */ = {isa = PBXFileReference; lastKnownFileType = sourcecode.swift; path = RootView.swift; sourceTree = "<group>"; };
		EEF2F1852AF7CECF009F4677 /* RootFeature.swift */ = {isa = PBXFileReference; lastKnownFileType = sourcecode.swift; path = RootFeature.swift; sourceTree = "<group>"; };
		EEF2F1892AF7D1BE009F4677 /* AuthFeature.swift */ = {isa = PBXFileReference; lastKnownFileType = sourcecode.swift; path = AuthFeature.swift; sourceTree = "<group>"; };
		EEF2F18F2AF822DF009F4677 /* AuthView.swift */ = {isa = PBXFileReference; lastKnownFileType = sourcecode.swift; path = AuthView.swift; sourceTree = "<group>"; };
		EEF2F1932AF823F0009F4677 /* InvalidBorderStyle.swift */ = {isa = PBXFileReference; lastKnownFileType = sourcecode.swift; path = InvalidBorderStyle.swift; sourceTree = "<group>"; };
		EEF2F1962AF8240E009F4677 /* InputField.swift */ = {isa = PBXFileReference; lastKnownFileType = sourcecode.swift; path = InputField.swift; sourceTree = "<group>"; };
		EEF2F1982AF82415009F4677 /* PasswordField.swift */ = {isa = PBXFileReference; lastKnownFileType = sourcecode.swift; path = PasswordField.swift; sourceTree = "<group>"; };
		EEF2F19A2AF82710009F4677 /* Extensions.swift */ = {isa = PBXFileReference; lastKnownFileType = sourcecode.swift; path = Extensions.swift; sourceTree = "<group>"; };
		EEF2F19C2AF8271F009F4677 /* KeyboardType.swift */ = {isa = PBXFileReference; lastKnownFileType = sourcecode.swift; path = KeyboardType.swift; sourceTree = "<group>"; };
		EEF2F19F2AF82BBA009F4677 /* Preview Assets.xcassets */ = {isa = PBXFileReference; lastKnownFileType = folder.assetcatalog; path = "Preview Assets.xcassets"; sourceTree = "<group>"; };
		EEF2F1A02AF82BBA009F4677 /* Assets.xcassets */ = {isa = PBXFileReference; lastKnownFileType = folder.assetcatalog; path = Assets.xcassets; sourceTree = "<group>"; };
		EEF2F1A32AF82EC9009F4677 /* InputFieldStyle.swift */ = {isa = PBXFileReference; lastKnownFileType = sourcecode.swift; path = InputFieldStyle.swift; sourceTree = "<group>"; };
		EEFFBA042AF98F8100238FA0 /* BindingHelper.swift */ = {isa = PBXFileReference; lastKnownFileType = sourcecode.swift; path = BindingHelper.swift; sourceTree = "<group>"; };
		EEFFBA072AF99F3F00238FA0 /* RequestError.swift */ = {isa = PBXFileReference; lastKnownFileType = sourcecode.swift; path = RequestError.swift; sourceTree = "<group>"; };
		EEFFBA092AF9A34600238FA0 /* ErrorText.swift */ = {isa = PBXFileReference; lastKnownFileType = sourcecode.swift; path = ErrorText.swift; sourceTree = "<group>"; };
		EEFFBA0B2AF9A7F100238FA0 /* ErrorField.swift */ = {isa = PBXFileReference; lastKnownFileType = sourcecode.swift; path = ErrorField.swift; sourceTree = "<group>"; };
/* End PBXFileReference section */

/* Begin PBXFrameworksBuildPhase section */
		EE0C21812AE861D700668357 /* Frameworks */ = {
			isa = PBXFrameworksBuildPhase;
			buildActionMask = 2147483647;
			files = (
				EEEB8D2C2AF920B6007DEBAE /* Alamofire in Frameworks */,
				EEF2F1822AF7CE61009F4677 /* ComposableArchitecture in Frameworks */,
				EE7A34432AF530A700685408 /* CachedAsyncImage in Frameworks */,
			);
			runOnlyForDeploymentPostprocessing = 0;
		};
/* End PBXFrameworksBuildPhase section */

/* Begin PBXGroup section */
		EE0C217B2AE861D700668357 = {
			isa = PBXGroup;
			children = (
				EE0C21862AE861D700668357 /* GuideBook */,
				EE0C21852AE861D700668357 /* Products */,
				EE7B13B62AF500D500A45F1B /* Screenshots */,
			);
			sourceTree = "<group>";
		};
		EE0C21852AE861D700668357 /* Products */ = {
			isa = PBXGroup;
			children = (
				EE0C21842AE861D700668357 /* GuideBook.app */,
			);
			name = Products;
			sourceTree = "<group>";
		};
		EE0C21862AE861D700668357 /* GuideBook */ = {
			isa = PBXGroup;
			children = (
				EEF2F1882AF7D1AF009F4677 /* Features */,
				EEF2F19E2AF82BBA009F4677 /* Preview Content */,
				EEF2F1A02AF82BBA009F4677 /* Assets.xcassets */,
			);
			path = GuideBook;
			sourceTree = "<group>";
		};
		EE7B13B62AF500D500A45F1B /* Screenshots */ = {
			isa = PBXGroup;
			children = (
				EE7B13A52AF500C800A45F1B /* details.png */,
				EE7B13A02AF500C700A45F1B /* favorites.png */,
				EE7B13A82AF500C800A45F1B /* home.png */,
				EE7B13A72AF500C800A45F1B /* settings.png */,
				EE7B13A22AF500C800A45F1B /* signin.png */,
				EE7B13A12AF500C700A45F1B /* signup.png */,
				EE6127ED2AF50FB200DA608F /* steps.png */,
				EE6127EE2AF50FB200DA608F /* steps2.png */,
				EE6127EC2AF50FB200DA608F /* steps3.png */,
				EE6127EF2AF50FB200DA608F /* steps4.png */,
				EE6127F02AF50FB200DA608F /* steps5.png */,
			);
			path = Screenshots;
			sourceTree = "<group>";
		};
		EEF2F17F2AF7CE0B009F4677 /* Root */ = {
			isa = PBXGroup;
			children = (
				EE0C21872AE861D700668357 /* GuideBookApp.swift */,
				EEF2F1852AF7CECF009F4677 /* RootFeature.swift */,
				EEF2F1832AF7CE9B009F4677 /* RootView.swift */,
			);
			path = Root;
			sourceTree = "<group>";
		};
		EEF2F1882AF7D1AF009F4677 /* Features */ = {
			isa = PBXGroup;
			children = (
				EEF2F18B2AF7D1C5009F4677 /* Auth */,
				EEFFBA062AF98F9600238FA0 /* Helpers */,
				EEF2F17F2AF7CE0B009F4677 /* Root */,
			);
			path = Features;
			sourceTree = "<group>";
		};
		EEF2F18B2AF7D1C5009F4677 /* Auth */ = {
			isa = PBXGroup;
			children = (
				EEF2F1922AF82370009F4677 /* Feature */,
				EEF2F1A72AF83A52009F4677 /* Models */,
				EEF2F1912AF8236B009F4677 /* Views */,
			);
			path = Auth;
			sourceTree = "<group>";
		};
		EEF2F1912AF8236B009F4677 /* Views */ = {
			isa = PBXGroup;
			children = (
				EEF2F1952AF823F5009F4677 /* Components */,
				EEF2F18F2AF822DF009F4677 /* AuthView.swift */,
			);
			path = Views;
			sourceTree = "<group>";
		};
		EEF2F1922AF82370009F4677 /* Feature */ = {
			isa = PBXGroup;
			children = (
				EEF2F1892AF7D1BE009F4677 /* AuthFeature.swift */,
			);
			path = Feature;
			sourceTree = "<group>";
		};
		EEF2F1952AF823F5009F4677 /* Components */ = {
			isa = PBXGroup;
			children = (
				EEF2F1A52AF82F33009F4677 /* Styles */,
				EEEB8D1B2AF8D40F007DEBAE /* AuthButton.swift */,
				EE2809572AF8534100093049 /* AuthTitle.swift */,
				EE2809592AF856A600093049 /* AuthToggleButton.swift */,
				EEFFBA092AF9A34600238FA0 /* ErrorText.swift */,
				EE2809532AF84F3400093049 /* Header.swift */,
				EEF2F1962AF8240E009F4677 /* InputField.swift */,
				EEF2F1982AF82415009F4677 /* PasswordField.swift */,
			);
			path = Components;
			sourceTree = "<group>";
		};
		EEF2F19E2AF82BBA009F4677 /* Preview Content */ = {
			isa = PBXGroup;
			children = (
				EEF2F19F2AF82BBA009F4677 /* Preview Assets.xcassets */,
			);
			path = "Preview Content";
			sourceTree = "<group>";
		};
		EEF2F1A52AF82F33009F4677 /* Styles */ = {
			isa = PBXGroup;
			children = (
				EEF2F19A2AF82710009F4677 /* Extensions.swift */,
				EEF2F1A32AF82EC9009F4677 /* InputFieldStyle.swift */,
				EEF2F1932AF823F0009F4677 /* InvalidBorderStyle.swift */,
			);
			path = Styles;
			sourceTree = "<group>";
		};
		EEF2F1A72AF83A52009F4677 /* Models */ = {
			isa = PBXGroup;
			children = (
				EEEB8D1D2AF8D895007DEBAE /* AuthResponse.swift */,
				EE2809552AF852E600093049 /* AuthType.swift */,
				EE5AE1A62AF9407E00381B33 /* ErrorResponse.swift */,
				EEEB8D212AF8E5AD007DEBAE /* FailResponse.swift */,
				EEFFBA072AF99F3F00238FA0 /* RequestError.swift */,
				EEFFBA0B2AF9A7F100238FA0 /* ErrorField.swift */,
				EEF2F19C2AF8271F009F4677 /* KeyboardType.swift */,
				EEEB8D262AF8EAEA007DEBAE /* SignIn.swift */,
				EEEB8D282AF8EAFC007DEBAE /* SignUp.swift */,
			);
			path = Models;
			sourceTree = "<group>";
		};
		EEFFBA062AF98F9600238FA0 /* Helpers */ = {
			isa = PBXGroup;
			children = (
				EEFFBA042AF98F8100238FA0 /* BindingHelper.swift */,
			);
			path = Helpers;
			sourceTree = "<group>";
		};
/* End PBXGroup section */

/* Begin PBXNativeTarget section */
		EE0C21832AE861D700668357 /* GuideBook */ = {
			isa = PBXNativeTarget;
			buildConfigurationList = EE0C21922AE861D900668357 /* Build configuration list for PBXNativeTarget "GuideBook" */;
			buildPhases = (
				EE0C21802AE861D700668357 /* Sources */,
				EE0C21812AE861D700668357 /* Frameworks */,
				EE0C21822AE861D700668357 /* Resources */,
			);
			buildRules = (
			);
			dependencies = (
			);
			name = GuideBook;
			packageProductDependencies = (
				EE7A34422AF530A700685408 /* CachedAsyncImage */,
				EEF2F1812AF7CE61009F4677 /* ComposableArchitecture */,
				EEEB8D2B2AF920B6007DEBAE /* Alamofire */,
			);
			productName = GuideBook;
			productReference = EE0C21842AE861D700668357 /* GuideBook.app */;
			productType = "com.apple.product-type.application";
		};
/* End PBXNativeTarget section */

/* Begin PBXProject section */
		EE0C217C2AE861D700668357 /* Project object */ = {
			isa = PBXProject;
			attributes = {
				BuildIndependentTargetsInParallel = 1;
				LastSwiftUpdateCheck = 1500;
				LastUpgradeCheck = 1500;
				TargetAttributes = {
					EE0C21832AE861D700668357 = {
						CreatedOnToolsVersion = 15.0.1;
					};
				};
			};
			buildConfigurationList = EE0C217F2AE861D700668357 /* Build configuration list for PBXProject "GuideBook" */;
			compatibilityVersion = "Xcode 14.0";
			developmentRegion = en;
			hasScannedForEncodings = 0;
			knownRegions = (
				en,
				Base,
			);
			mainGroup = EE0C217B2AE861D700668357;
			packageReferences = (
				EE7A34412AF530A700685408 /* XCRemoteSwiftPackageReference "swiftui-cached-async-image" */,
				EEF2F1802AF7CE61009F4677 /* XCRemoteSwiftPackageReference "swift-composable-architecture" */,
				EEEB8D2A2AF920B6007DEBAE /* XCRemoteSwiftPackageReference "Alamofire" */,
			);
			productRefGroup = EE0C21852AE861D700668357 /* Products */;
			projectDirPath = "";
			projectRoot = "";
			targets = (
				EE0C21832AE861D700668357 /* GuideBook */,
			);
		};
/* End PBXProject section */

/* Begin PBXResourcesBuildPhase section */
		EE0C21822AE861D700668357 /* Resources */ = {
			isa = PBXResourcesBuildPhase;
			buildActionMask = 2147483647;
			files = (
				EE7B13B02AF500C800A45F1B /* details.png in Resources */,
				EE6127F32AF50FB200DA608F /* steps2.png in Resources */,
				EE6127F42AF50FB200DA608F /* steps4.png in Resources */,
				EE7B13AD2AF500C800A45F1B /* signin.png in Resources */,
				EEF2F1A12AF82BBA009F4677 /* Preview Assets.xcassets in Resources */,
				EE7B13B22AF500C800A45F1B /* settings.png in Resources */,
				EEF2F1A22AF82BBA009F4677 /* Assets.xcassets in Resources */,
				EE7B13AB2AF500C800A45F1B /* favorites.png in Resources */,
				EE7B13B32AF500C800A45F1B /* home.png in Resources */,
				EE6127F22AF50FB200DA608F /* steps.png in Resources */,
				EE6127F52AF50FB200DA608F /* steps5.png in Resources */,
				EE7B13AC2AF500C800A45F1B /* signup.png in Resources */,
				EE6127F12AF50FB200DA608F /* steps3.png in Resources */,
			);
			runOnlyForDeploymentPostprocessing = 0;
		};
/* End PBXResourcesBuildPhase section */

/* Begin PBXSourcesBuildPhase section */
		EE0C21802AE861D700668357 /* Sources */ = {
			isa = PBXSourcesBuildPhase;
			buildActionMask = 2147483647;
			files = (
				EE2809582AF8534100093049 /* AuthTitle.swift in Sources */,
				EEFFBA0C2AF9A7F100238FA0 /* ErrorField.swift in Sources */,
				EEEB8D1C2AF8D40F007DEBAE /* AuthButton.swift in Sources */,
				EEF2F19D2AF8271F009F4677 /* KeyboardType.swift in Sources */,
				EEF2F18A2AF7D1BE009F4677 /* AuthFeature.swift in Sources */,
				EEF2F1942AF823F0009F4677 /* InvalidBorderStyle.swift in Sources */,
				EEF2F1862AF7CECF009F4677 /* RootFeature.swift in Sources */,
				EE2809542AF84F3400093049 /* Header.swift in Sources */,
				EEF2F1992AF82415009F4677 /* PasswordField.swift in Sources */,
				EE28095A2AF856A600093049 /* AuthToggleButton.swift in Sources */,
				EEFFBA0A2AF9A34600238FA0 /* ErrorText.swift in Sources */,
				EEF2F19B2AF82710009F4677 /* Extensions.swift in Sources */,
				EEFFBA052AF98F8100238FA0 /* BindingHelper.swift in Sources */,
				EEF2F1902AF822DF009F4677 /* AuthView.swift in Sources */,
				EE5AE1A72AF9407E00381B33 /* ErrorResponse.swift in Sources */,
				EE2809562AF852E600093049 /* AuthType.swift in Sources */,
				EEEB8D272AF8EAEA007DEBAE /* SignIn.swift in Sources */,
				EE0C21882AE861D700668357 /* GuideBookApp.swift in Sources */,
				EEF2F1842AF7CE9B009F4677 /* RootView.swift in Sources */,
				EEF2F1972AF8240E009F4677 /* InputField.swift in Sources */,
				EEFFBA082AF99F3F00238FA0 /* RequestError.swift in Sources */,
				EEF2F1A42AF82EC9009F4677 /* InputFieldStyle.swift in Sources */,
				EEEB8D222AF8E5AD007DEBAE /* FailResponse.swift in Sources */,
				EEEB8D292AF8EAFC007DEBAE /* SignUp.swift in Sources */,
				EEEB8D1E2AF8D895007DEBAE /* AuthResponse.swift in Sources */,
			);
			runOnlyForDeploymentPostprocessing = 0;
		};
/* End PBXSourcesBuildPhase section */

/* Begin XCBuildConfiguration section */
		EE0C21902AE861D900668357 /* Debug */ = {
			isa = XCBuildConfiguration;
			buildSettings = {
				ALWAYS_SEARCH_USER_PATHS = NO;
				ASSETCATALOG_COMPILER_GENERATE_SWIFT_ASSET_SYMBOL_EXTENSIONS = YES;
				CLANG_ANALYZER_NONNULL = YES;
				CLANG_ANALYZER_NUMBER_OBJECT_CONVERSION = YES_AGGRESSIVE;
				CLANG_CXX_LANGUAGE_STANDARD = "gnu++20";
				CLANG_ENABLE_MODULES = YES;
				CLANG_ENABLE_OBJC_ARC = YES;
				CLANG_ENABLE_OBJC_WEAK = YES;
				CLANG_WARN_BLOCK_CAPTURE_AUTORELEASING = YES;
				CLANG_WARN_BOOL_CONVERSION = YES;
				CLANG_WARN_COMMA = YES;
				CLANG_WARN_CONSTANT_CONVERSION = YES;
				CLANG_WARN_DEPRECATED_OBJC_IMPLEMENTATIONS = YES;
				CLANG_WARN_DIRECT_OBJC_ISA_USAGE = YES_ERROR;
				CLANG_WARN_DOCUMENTATION_COMMENTS = YES;
				CLANG_WARN_EMPTY_BODY = YES;
				CLANG_WARN_ENUM_CONVERSION = YES;
				CLANG_WARN_INFINITE_RECURSION = YES;
				CLANG_WARN_INT_CONVERSION = YES;
				CLANG_WARN_NON_LITERAL_NULL_CONVERSION = YES;
				CLANG_WARN_OBJC_IMPLICIT_RETAIN_SELF = YES;
				CLANG_WARN_OBJC_LITERAL_CONVERSION = YES;
				CLANG_WARN_OBJC_ROOT_CLASS = YES_ERROR;
				CLANG_WARN_QUOTED_INCLUDE_IN_FRAMEWORK_HEADER = YES;
				CLANG_WARN_RANGE_LOOP_ANALYSIS = YES;
				CLANG_WARN_STRICT_PROTOTYPES = YES;
				CLANG_WARN_SUSPICIOUS_MOVE = YES;
				CLANG_WARN_UNGUARDED_AVAILABILITY = YES_AGGRESSIVE;
				CLANG_WARN_UNREACHABLE_CODE = YES;
				CLANG_WARN__DUPLICATE_METHOD_MATCH = YES;
				COPY_PHASE_STRIP = NO;
				DEBUG_INFORMATION_FORMAT = dwarf;
				ENABLE_STRICT_OBJC_MSGSEND = YES;
				ENABLE_TESTABILITY = YES;
				ENABLE_USER_SCRIPT_SANDBOXING = YES;
				GCC_C_LANGUAGE_STANDARD = gnu17;
				GCC_DYNAMIC_NO_PIC = NO;
				GCC_NO_COMMON_BLOCKS = YES;
				GCC_OPTIMIZATION_LEVEL = 0;
				GCC_PREPROCESSOR_DEFINITIONS = (
					"DEBUG=1",
					"$(inherited)",
				);
				GCC_WARN_64_TO_32_BIT_CONVERSION = YES;
				GCC_WARN_ABOUT_RETURN_TYPE = YES_ERROR;
				GCC_WARN_UNDECLARED_SELECTOR = YES;
				GCC_WARN_UNINITIALIZED_AUTOS = YES_AGGRESSIVE;
				GCC_WARN_UNUSED_FUNCTION = YES;
				GCC_WARN_UNUSED_VARIABLE = YES;
				IPHONEOS_DEPLOYMENT_TARGET = 17.0;
				LOCALIZATION_PREFERS_STRING_CATALOGS = YES;
				MTL_ENABLE_DEBUG_INFO = INCLUDE_SOURCE;
				MTL_FAST_MATH = YES;
				ONLY_ACTIVE_ARCH = YES;
				SDKROOT = iphoneos;
				SWIFT_ACTIVE_COMPILATION_CONDITIONS = "DEBUG $(inherited)";
				SWIFT_OPTIMIZATION_LEVEL = "-Onone";
			};
			name = Debug;
		};
		EE0C21912AE861D900668357 /* Release */ = {
			isa = XCBuildConfiguration;
			buildSettings = {
				ALWAYS_SEARCH_USER_PATHS = NO;
				ASSETCATALOG_COMPILER_GENERATE_SWIFT_ASSET_SYMBOL_EXTENSIONS = YES;
				CLANG_ANALYZER_NONNULL = YES;
				CLANG_ANALYZER_NUMBER_OBJECT_CONVERSION = YES_AGGRESSIVE;
				CLANG_CXX_LANGUAGE_STANDARD = "gnu++20";
				CLANG_ENABLE_MODULES = YES;
				CLANG_ENABLE_OBJC_ARC = YES;
				CLANG_ENABLE_OBJC_WEAK = YES;
				CLANG_WARN_BLOCK_CAPTURE_AUTORELEASING = YES;
				CLANG_WARN_BOOL_CONVERSION = YES;
				CLANG_WARN_COMMA = YES;
				CLANG_WARN_CONSTANT_CONVERSION = YES;
				CLANG_WARN_DEPRECATED_OBJC_IMPLEMENTATIONS = YES;
				CLANG_WARN_DIRECT_OBJC_ISA_USAGE = YES_ERROR;
				CLANG_WARN_DOCUMENTATION_COMMENTS = YES;
				CLANG_WARN_EMPTY_BODY = YES;
				CLANG_WARN_ENUM_CONVERSION = YES;
				CLANG_WARN_INFINITE_RECURSION = YES;
				CLANG_WARN_INT_CONVERSION = YES;
				CLANG_WARN_NON_LITERAL_NULL_CONVERSION = YES;
				CLANG_WARN_OBJC_IMPLICIT_RETAIN_SELF = YES;
				CLANG_WARN_OBJC_LITERAL_CONVERSION = YES;
				CLANG_WARN_OBJC_ROOT_CLASS = YES_ERROR;
				CLANG_WARN_QUOTED_INCLUDE_IN_FRAMEWORK_HEADER = YES;
				CLANG_WARN_RANGE_LOOP_ANALYSIS = YES;
				CLANG_WARN_STRICT_PROTOTYPES = YES;
				CLANG_WARN_SUSPICIOUS_MOVE = YES;
				CLANG_WARN_UNGUARDED_AVAILABILITY = YES_AGGRESSIVE;
				CLANG_WARN_UNREACHABLE_CODE = YES;
				CLANG_WARN__DUPLICATE_METHOD_MATCH = YES;
				COPY_PHASE_STRIP = NO;
				DEBUG_INFORMATION_FORMAT = "dwarf-with-dsym";
				ENABLE_NS_ASSERTIONS = NO;
				ENABLE_STRICT_OBJC_MSGSEND = YES;
				ENABLE_USER_SCRIPT_SANDBOXING = YES;
				GCC_C_LANGUAGE_STANDARD = gnu17;
				GCC_NO_COMMON_BLOCKS = YES;
				GCC_WARN_64_TO_32_BIT_CONVERSION = YES;
				GCC_WARN_ABOUT_RETURN_TYPE = YES_ERROR;
				GCC_WARN_UNDECLARED_SELECTOR = YES;
				GCC_WARN_UNINITIALIZED_AUTOS = YES_AGGRESSIVE;
				GCC_WARN_UNUSED_FUNCTION = YES;
				GCC_WARN_UNUSED_VARIABLE = YES;
				IPHONEOS_DEPLOYMENT_TARGET = 17.0;
				LOCALIZATION_PREFERS_STRING_CATALOGS = YES;
				MTL_ENABLE_DEBUG_INFO = NO;
				MTL_FAST_MATH = YES;
				SDKROOT = iphoneos;
				SWIFT_COMPILATION_MODE = wholemodule;
				VALIDATE_PRODUCT = YES;
			};
			name = Release;
		};
		EE0C21932AE861D900668357 /* Debug */ = {
			isa = XCBuildConfiguration;
			buildSettings = {
				ASSETCATALOG_COMPILER_APPICON_NAME = AppIcon;
				ASSETCATALOG_COMPILER_GLOBAL_ACCENT_COLOR_NAME = AccentColor;
				CODE_SIGN_IDENTITY = "Apple Development";
				CODE_SIGN_STYLE = Automatic;
				CURRENT_PROJECT_VERSION = 1;
				DEVELOPMENT_ASSET_PATHS = "\"GuideBook/Preview Content\"";
				DEVELOPMENT_TEAM = RX5QFP6Q25;
				ENABLE_PREVIEWS = YES;
				GENERATE_INFOPLIST_FILE = YES;
				INFOPLIST_KEY_UIApplicationSceneManifest_Generation = YES;
				INFOPLIST_KEY_UIApplicationSupportsIndirectInputEvents = YES;
				INFOPLIST_KEY_UILaunchScreen_Generation = YES;
				INFOPLIST_KEY_UISupportedInterfaceOrientations_iPad = "UIInterfaceOrientationPortrait UIInterfaceOrientationPortraitUpsideDown UIInterfaceOrientationLandscapeLeft UIInterfaceOrientationLandscapeRight";
				INFOPLIST_KEY_UISupportedInterfaceOrientations_iPhone = "UIInterfaceOrientationPortrait UIInterfaceOrientationLandscapeLeft UIInterfaceOrientationLandscapeRight";
				IPHONEOS_DEPLOYMENT_TARGET = 15.0;
				LD_RUNPATH_SEARCH_PATHS = (
					"$(inherited)",
					"@executable_path/Frameworks",
				);
				MARKETING_VERSION = 1.0;
				PRODUCT_BUNDLE_IDENTIFIER = com.yegormi.GuideBook;
				PRODUCT_NAME = "$(TARGET_NAME)";
				PROVISIONING_PROFILE_SPECIFIER = "";
				SWIFT_EMIT_LOC_STRINGS = YES;
				SWIFT_VERSION = 5.0;
				TARGETED_DEVICE_FAMILY = "1,2";
			};
			name = Debug;
		};
		EE0C21942AE861D900668357 /* Release */ = {
			isa = XCBuildConfiguration;
			buildSettings = {
				ASSETCATALOG_COMPILER_APPICON_NAME = AppIcon;
				ASSETCATALOG_COMPILER_GLOBAL_ACCENT_COLOR_NAME = AccentColor;
				CODE_SIGN_IDENTITY = "Apple Development";
				CODE_SIGN_STYLE = Automatic;
				CURRENT_PROJECT_VERSION = 1;
				DEVELOPMENT_ASSET_PATHS = "\"GuideBook/Preview Content\"";
				DEVELOPMENT_TEAM = RX5QFP6Q25;
				ENABLE_PREVIEWS = YES;
				GENERATE_INFOPLIST_FILE = YES;
				INFOPLIST_KEY_UIApplicationSceneManifest_Generation = YES;
				INFOPLIST_KEY_UIApplicationSupportsIndirectInputEvents = YES;
				INFOPLIST_KEY_UILaunchScreen_Generation = YES;
				INFOPLIST_KEY_UISupportedInterfaceOrientations_iPad = "UIInterfaceOrientationPortrait UIInterfaceOrientationPortraitUpsideDown UIInterfaceOrientationLandscapeLeft UIInterfaceOrientationLandscapeRight";
				INFOPLIST_KEY_UISupportedInterfaceOrientations_iPhone = "UIInterfaceOrientationPortrait UIInterfaceOrientationLandscapeLeft UIInterfaceOrientationLandscapeRight";
				IPHONEOS_DEPLOYMENT_TARGET = 15.0;
				LD_RUNPATH_SEARCH_PATHS = (
					"$(inherited)",
					"@executable_path/Frameworks",
				);
				MARKETING_VERSION = 1.0;
				PRODUCT_BUNDLE_IDENTIFIER = com.yegormi.GuideBook;
				PRODUCT_NAME = "$(TARGET_NAME)";
				PROVISIONING_PROFILE_SPECIFIER = "";
				SWIFT_EMIT_LOC_STRINGS = YES;
				SWIFT_VERSION = 5.0;
				TARGETED_DEVICE_FAMILY = "1,2";
			};
			name = Release;
		};
/* End XCBuildConfiguration section */

/* Begin XCConfigurationList section */
		EE0C217F2AE861D700668357 /* Build configuration list for PBXProject "GuideBook" */ = {
			isa = XCConfigurationList;
			buildConfigurations = (
				EE0C21902AE861D900668357 /* Debug */,
				EE0C21912AE861D900668357 /* Release */,
			);
			defaultConfigurationIsVisible = 0;
			defaultConfigurationName = Release;
		};
		EE0C21922AE861D900668357 /* Build configuration list for PBXNativeTarget "GuideBook" */ = {
			isa = XCConfigurationList;
			buildConfigurations = (
				EE0C21932AE861D900668357 /* Debug */,
				EE0C21942AE861D900668357 /* Release */,
			);
			defaultConfigurationIsVisible = 0;
			defaultConfigurationName = Release;
		};
/* End XCConfigurationList section */

/* Begin XCRemoteSwiftPackageReference section */
		EE7A34412AF530A700685408 /* XCRemoteSwiftPackageReference "swiftui-cached-async-image" */ = {
			isa = XCRemoteSwiftPackageReference;
			repositoryURL = "https://github.com/lorenzofiamingo/swiftui-cached-async-image";
			requirement = {
				kind = upToNextMajorVersion;
				minimumVersion = 2.1.1;
			};
		};
		EEEB8D2A2AF920B6007DEBAE /* XCRemoteSwiftPackageReference "Alamofire" */ = {
			isa = XCRemoteSwiftPackageReference;
			repositoryURL = "https://github.com/Alamofire/Alamofire.git";
			requirement = {
				kind = upToNextMajorVersion;
				minimumVersion = 5.8.1;
			};
		};
		EEF2F1802AF7CE61009F4677 /* XCRemoteSwiftPackageReference "swift-composable-architecture" */ = {
			isa = XCRemoteSwiftPackageReference;
			repositoryURL = "https://github.com/pointfreeco/swift-composable-architecture";
			requirement = {
				kind = upToNextMajorVersion;
				minimumVersion = 1.3.0;
			};
		};
/* End XCRemoteSwiftPackageReference section */

/* Begin XCSwiftPackageProductDependency section */
		EE7A34422AF530A700685408 /* CachedAsyncImage */ = {
			isa = XCSwiftPackageProductDependency;
			package = EE7A34412AF530A700685408 /* XCRemoteSwiftPackageReference "swiftui-cached-async-image" */;
			productName = CachedAsyncImage;
		};
		EEEB8D2B2AF920B6007DEBAE /* Alamofire */ = {
			isa = XCSwiftPackageProductDependency;
			package = EEEB8D2A2AF920B6007DEBAE /* XCRemoteSwiftPackageReference "Alamofire" */;
			productName = Alamofire;
		};
		EEF2F1812AF7CE61009F4677 /* ComposableArchitecture */ = {
			isa = XCSwiftPackageProductDependency;
			package = EEF2F1802AF7CE61009F4677 /* XCRemoteSwiftPackageReference "swift-composable-architecture" */;
			productName = ComposableArchitecture;
		};
/* End XCSwiftPackageProductDependency section */
	};
	rootObject = EE0C217C2AE861D700668357 /* Project object */;
}
